// !$*UTF8*$!
{
	archiveVersion = 1;
	classes = {
	};
	objectVersion = 51;
	objects = {

/* Begin PBXBuildFile section */
		078351B2765BACAEC1A00F1A /* Pods_dz14.framework in Frameworks */ = {isa = PBXBuildFile; fileRef = 5EABEE04FCD72BFEA3E80DB7 /* Pods_dz14.framework */; };
		2630ADA6270B899E00701490 /* WeatherCell.swift in Sources */ = {isa = PBXBuildFile; fileRef = 2630ADA5270B899E00701490 /* WeatherCell.swift */; };
		2630ADA9270B8C5000701490 /* WeatherViewController.swift in Sources */ = {isa = PBXBuildFile; fileRef = 2630ADA8270B8C5000701490 /* WeatherViewController.swift */; };
		2630ADAC270B8D3300701490 /* WeatherLoader.swift in Sources */ = {isa = PBXBuildFile; fileRef = 2630ADAB270B8D3300701490 /* WeatherLoader.swift */; };
		2630ADAF270B8D6600701490 /* WeatherDataСonversion.swift in Sources */ = {isa = PBXBuildFile; fileRef = 2630ADAE270B8D6600701490 /* WeatherDataСonversion.swift */; };
		266A17682827F860007C3C99 /* CoreDataController.swift in Sources */ = {isa = PBXBuildFile; fileRef = 266A17672827F860007C3C99 /* CoreDataController.swift */; };
		266A177328281558007C3C99 /* CoreDataCell.swift in Sources */ = {isa = PBXBuildFile; fileRef = 266A177228281558007C3C99 /* CoreDataCell.swift */; };
		2690879A271C3AED00C86F69 /* RealmAddTaskViewController.swift in Sources */ = {isa = PBXBuildFile; fileRef = 26908799271C3AED00C86F69 /* RealmAddTaskViewController.swift */; };
		26AD0D2D24168F7B001F18E2 /* AppDelegate.swift in Sources */ = {isa = PBXBuildFile; fileRef = 26AD0D2C24168F7B001F18E2 /* AppDelegate.swift */; };
		26AD0D2F24168F7B001F18E2 /* SceneDelegate.swift in Sources */ = {isa = PBXBuildFile; fileRef = 26AD0D2E24168F7B001F18E2 /* SceneDelegate.swift */; };
		26AD0D3124168F7B001F18E2 /* ViewController.swift in Sources */ = {isa = PBXBuildFile; fileRef = 26AD0D3024168F7B001F18E2 /* ViewController.swift */; };
		26AD0D3424168F7B001F18E2 /* Main.storyboard in Resources */ = {isa = PBXBuildFile; fileRef = 26AD0D3224168F7B001F18E2 /* Main.storyboard */; };
		26AD0D3724168F7B001F18E2 /* dz14.xcdatamodeld in Sources */ = {isa = PBXBuildFile; fileRef = 26AD0D3524168F7B001F18E2 /* dz14.xcdatamodeld */; };
		26AD0D3924168F7B001F18E2 /* Assets.xcassets in Resources */ = {isa = PBXBuildFile; fileRef = 26AD0D3824168F7B001F18E2 /* Assets.xcassets */; };
		26AD0D3C24168F7B001F18E2 /* LaunchScreen.storyboard in Resources */ = {isa = PBXBuildFile; fileRef = 26AD0D3A24168F7B001F18E2 /* LaunchScreen.storyboard */; };
		26AD0D4424169479001F18E2 /* Persistance.swift in Sources */ = {isa = PBXBuildFile; fileRef = 26AD0D4324169479001F18E2 /* Persistance.swift */; };
		26AD0D462416953C001F18E2 /* RealmCell.swift in Sources */ = {isa = PBXBuildFile; fileRef = 26AD0D452416953C001F18E2 /* RealmCell.swift */; };
		26AD0D4824169A33001F18E2 /* RealmController.swift in Sources */ = {isa = PBXBuildFile; fileRef = 26AD0D4724169A33001F18E2 /* RealmController.swift */; };
		26EA122F294B9EEE009E3DEE /* CoreDataAddTaskViewController.swift in Sources */ = {isa = PBXBuildFile; fileRef = 26EA122E294B9EEE009E3DEE /* CoreDataAddTaskViewController.swift */; };
/* End PBXBuildFile section */

/* Begin PBXFileReference section */
		2630ADA5270B899E00701490 /* WeatherCell.swift */ = {isa = PBXFileReference; lastKnownFileType = sourcecode.swift; path = WeatherCell.swift; sourceTree = "<group>"; };
		2630ADA8270B8C5000701490 /* WeatherViewController.swift */ = {isa = PBXFileReference; lastKnownFileType = sourcecode.swift; path = WeatherViewController.swift; sourceTree = "<group>"; };
		2630ADAB270B8D3300701490 /* WeatherLoader.swift */ = {isa = PBXFileReference; fileEncoding = 4; lastKnownFileType = sourcecode.swift; path = WeatherLoader.swift; sourceTree = "<group>"; };
		2630ADAE270B8D6600701490 /* WeatherDataСonversion.swift */ = {isa = PBXFileReference; fileEncoding = 4; lastKnownFileType = sourcecode.swift; path = "WeatherDataСonversion.swift"; sourceTree = "<group>"; };
		266A17482827E6B2007C3C99 /* dz 14.1.xcdatamodel */ = {isa = PBXFileReference; lastKnownFileType = wrapper.xcdatamodel; path = "dz 14.1.xcdatamodel"; sourceTree = "<group>"; };
		266A17672827F860007C3C99 /* CoreDataController.swift */ = {isa = PBXFileReference; lastKnownFileType = sourcecode.swift; path = CoreDataController.swift; sourceTree = "<group>"; };
		266A177228281558007C3C99 /* CoreDataCell.swift */ = {isa = PBXFileReference; lastKnownFileType = sourcecode.swift; path = CoreDataCell.swift; sourceTree = "<group>"; };
		26908799271C3AED00C86F69 /* RealmAddTaskViewController.swift */ = {isa = PBXFileReference; lastKnownFileType = sourcecode.swift; path = RealmAddTaskViewController.swift; sourceTree = "<group>"; };
		2696B03E282827AA00DBC757 /* dz 14.xcdatamodel */ = {isa = PBXFileReference; lastKnownFileType = wrapper.xcdatamodel; path = "dz 14.xcdatamodel"; sourceTree = "<group>"; };
		2696B03F282827CD00DBC757 /* dz 14.2.xcdatamodel */ = {isa = PBXFileReference; lastKnownFileType = wrapper.xcdatamodel; path = "dz 14.2.xcdatamodel"; sourceTree = "<group>"; };
		26AD0D2924168F7B001F18E2 /* dz14.app */ = {isa = PBXFileReference; explicitFileType = wrapper.application; includeInIndex = 0; path = dz14.app; sourceTree = BUILT_PRODUCTS_DIR; };
		26AD0D2C24168F7B001F18E2 /* AppDelegate.swift */ = {isa = PBXFileReference; lastKnownFileType = sourcecode.swift; path = AppDelegate.swift; sourceTree = "<group>"; };
		26AD0D2E24168F7B001F18E2 /* SceneDelegate.swift */ = {isa = PBXFileReference; lastKnownFileType = sourcecode.swift; path = SceneDelegate.swift; sourceTree = "<group>"; };
		26AD0D3024168F7B001F18E2 /* ViewController.swift */ = {isa = PBXFileReference; lastKnownFileType = sourcecode.swift; path = ViewController.swift; sourceTree = "<group>"; };
		26AD0D3324168F7B001F18E2 /* Base */ = {isa = PBXFileReference; lastKnownFileType = file.storyboard; name = Base; path = Base.lproj/Main.storyboard; sourceTree = "<group>"; };
		26AD0D3624168F7B001F18E2 /* dz14.xcdatamodel */ = {isa = PBXFileReference; lastKnownFileType = wrapper.xcdatamodel; path = dz14.xcdatamodel; sourceTree = "<group>"; };
		26AD0D3824168F7B001F18E2 /* Assets.xcassets */ = {isa = PBXFileReference; lastKnownFileType = folder.assetcatalog; path = Assets.xcassets; sourceTree = "<group>"; };
		26AD0D3B24168F7B001F18E2 /* Base */ = {isa = PBXFileReference; lastKnownFileType = file.storyboard; name = Base; path = Base.lproj/LaunchScreen.storyboard; sourceTree = "<group>"; };
		26AD0D3D24168F7B001F18E2 /* Info.plist */ = {isa = PBXFileReference; lastKnownFileType = text.plist.xml; path = Info.plist; sourceTree = "<group>"; };
		26AD0D4324169479001F18E2 /* Persistance.swift */ = {isa = PBXFileReference; fileEncoding = 4; lastKnownFileType = sourcecode.swift; path = Persistance.swift; sourceTree = "<group>"; };
		26AD0D452416953C001F18E2 /* RealmCell.swift */ = {isa = PBXFileReference; lastKnownFileType = sourcecode.swift; path = RealmCell.swift; sourceTree = "<group>"; };
		26AD0D4724169A33001F18E2 /* RealmController.swift */ = {isa = PBXFileReference; lastKnownFileType = sourcecode.swift; path = RealmController.swift; sourceTree = "<group>"; };
		26EA122E294B9EEE009E3DEE /* CoreDataAddTaskViewController.swift */ = {isa = PBXFileReference; lastKnownFileType = sourcecode.swift; path = CoreDataAddTaskViewController.swift; sourceTree = "<group>"; };
		5EABEE04FCD72BFEA3E80DB7 /* Pods_dz14.framework */ = {isa = PBXFileReference; explicitFileType = wrapper.framework; includeInIndex = 0; path = Pods_dz14.framework; sourceTree = BUILT_PRODUCTS_DIR; };
		A172A95E39375F03D4E9C18A /* Pods-dz14.release.xcconfig */ = {isa = PBXFileReference; includeInIndex = 1; lastKnownFileType = text.xcconfig; name = "Pods-dz14.release.xcconfig"; path = "Target Support Files/Pods-dz14/Pods-dz14.release.xcconfig"; sourceTree = "<group>"; };
		FE25AB9AE6ABAF5BB9ACD39D /* Pods-dz14.debug.xcconfig */ = {isa = PBXFileReference; includeInIndex = 1; lastKnownFileType = text.xcconfig; name = "Pods-dz14.debug.xcconfig"; path = "Target Support Files/Pods-dz14/Pods-dz14.debug.xcconfig"; sourceTree = "<group>"; };
/* End PBXFileReference section */

/* Begin PBXFrameworksBuildPhase section */
		26AD0D2624168F7B001F18E2 /* Frameworks */ = {
			isa = PBXFrameworksBuildPhase;
			buildActionMask = 2147483647;
			files = (
				078351B2765BACAEC1A00F1A /* Pods_dz14.framework in Frameworks */,
			);
			runOnlyForDeploymentPostprocessing = 0;
		};
/* End PBXFrameworksBuildPhase section */

/* Begin PBXGroup section */
		26AD0D2024168F7B001F18E2 = {
			isa = PBXGroup;
			children = (
				26AD0D2B24168F7B001F18E2 /* dz14 */,
				26AD0D2A24168F7B001F18E2 /* Products */,
				D695F32C2D2753490E4964CD /* Pods */,
				4FC8398ADAD48F2924CE41ED /* Frameworks */,
			);
			sourceTree = "<group>";
		};
		26AD0D2A24168F7B001F18E2 /* Products */ = {
			isa = PBXGroup;
			children = (
				26AD0D2924168F7B001F18E2 /* dz14.app */,
			);
			name = Products;
			sourceTree = "<group>";
		};
		26AD0D2B24168F7B001F18E2 /* dz14 */ = {
			isa = PBXGroup;
			children = (
				266A17672827F860007C3C99 /* CoreDataController.swift */,
				266A177228281558007C3C99 /* CoreDataCell.swift */,
				26AD0D2C24168F7B001F18E2 /* AppDelegate.swift */,
				26AD0D2E24168F7B001F18E2 /* SceneDelegate.swift */,
				26AD0D3024168F7B001F18E2 /* ViewController.swift */,
				26AD0D4324169479001F18E2 /* Persistance.swift */,
				26AD0D4724169A33001F18E2 /* RealmController.swift */,
				26AD0D452416953C001F18E2 /* RealmCell.swift */,
				26908799271C3AED00C86F69 /* RealmAddTaskViewController.swift */,
				26AD0D3824168F7B001F18E2 /* Assets.xcassets */,
				26AD0D3A24168F7B001F18E2 /* LaunchScreen.storyboard */,
				26AD0D3D24168F7B001F18E2 /* Info.plist */,
				26AD0D3224168F7B001F18E2 /* Main.storyboard */,
				26EA122E294B9EEE009E3DEE /* CoreDataAddTaskViewController.swift */,
				2630ADA5270B899E00701490 /* WeatherCell.swift */,
				2630ADA8270B8C5000701490 /* WeatherViewController.swift */,
				26AD0D3524168F7B001F18E2 /* dz14.xcdatamodeld */,
				2630ADAB270B8D3300701490 /* WeatherLoader.swift */,
				2630ADAE270B8D6600701490 /* WeatherDataСonversion.swift */,
			);
			path = dz14;
			sourceTree = "<group>";
		};
		4FC8398ADAD48F2924CE41ED /* Frameworks */ = {
			isa = PBXGroup;
			children = (
				5EABEE04FCD72BFEA3E80DB7 /* Pods_dz14.framework */,
			);
			name = Frameworks;
			sourceTree = "<group>";
		};
		D695F32C2D2753490E4964CD /* Pods */ = {
			isa = PBXGroup;
			children = (
				FE25AB9AE6ABAF5BB9ACD39D /* Pods-dz14.debug.xcconfig */,
				A172A95E39375F03D4E9C18A /* Pods-dz14.release.xcconfig */,
			);
			path = Pods;
			sourceTree = "<group>";
		};
/* End PBXGroup section */

/* Begin PBXNativeTarget section */
		26AD0D2824168F7B001F18E2 /* dz14 */ = {
			isa = PBXNativeTarget;
			buildConfigurationList = 26AD0D4024168F7B001F18E2 /* Build configuration list for PBXNativeTarget "dz14" */;
			buildPhases = (
				A964BDFC885BB7B122C727F5 /* [CP] Check Pods Manifest.lock */,
				26AD0D2524168F7B001F18E2 /* Sources */,
				26AD0D2624168F7B001F18E2 /* Frameworks */,
				26AD0D2724168F7B001F18E2 /* Resources */,
				7D9B7853797196ACDE171E5C /* [CP] Embed Pods Frameworks */,
			);
			buildRules = (
			);
			dependencies = (
			);
			name = dz14;
			productName = dz14;
			productReference = 26AD0D2924168F7B001F18E2 /* dz14.app */;
			productType = "com.apple.product-type.application";
		};
/* End PBXNativeTarget section */

/* Begin PBXProject section */
		26AD0D2124168F7B001F18E2 /* Project object */ = {
			isa = PBXProject;
			attributes = {
				LastSwiftUpdateCheck = 1130;
				LastUpgradeCheck = 1130;
				ORGANIZATIONNAME = "Дмитрий Винокуров";
				TargetAttributes = {
					26AD0D2824168F7B001F18E2 = {
						CreatedOnToolsVersion = 11.3.1;
					};
				};
			};
			buildConfigurationList = 26AD0D2424168F7B001F18E2 /* Build configuration list for PBXProject "dz14" */;
			compatibilityVersion = "Xcode 9.3";
			developmentRegion = en;
			hasScannedForEncodings = 0;
			knownRegions = (
				en,
				Base,
			);
			mainGroup = 26AD0D2024168F7B001F18E2;
			productRefGroup = 26AD0D2A24168F7B001F18E2 /* Products */;
			projectDirPath = "";
			projectRoot = "";
			targets = (
				26AD0D2824168F7B001F18E2 /* dz14 */,
			);
		};
/* End PBXProject section */

/* Begin PBXResourcesBuildPhase section */
		26AD0D2724168F7B001F18E2 /* Resources */ = {
			isa = PBXResourcesBuildPhase;
			buildActionMask = 2147483647;
			files = (
				26AD0D3C24168F7B001F18E2 /* LaunchScreen.storyboard in Resources */,
				26AD0D3924168F7B001F18E2 /* Assets.xcassets in Resources */,
				26AD0D3424168F7B001F18E2 /* Main.storyboard in Resources */,
			);
			runOnlyForDeploymentPostprocessing = 0;
		};
/* End PBXResourcesBuildPhase section */

/* Begin PBXShellScriptBuildPhase section */
		7D9B7853797196ACDE171E5C /* [CP] Embed Pods Frameworks */ = {
			isa = PBXShellScriptBuildPhase;
			buildActionMask = 2147483647;
			files = (
			);
			inputFileListPaths = (
				"${PODS_ROOT}/Target Support Files/Pods-dz14/Pods-dz14-frameworks-${CONFIGURATION}-input-files.xcfilelist",
			);
			name = "[CP] Embed Pods Frameworks";
			outputFileListPaths = (
				"${PODS_ROOT}/Target Support Files/Pods-dz14/Pods-dz14-frameworks-${CONFIGURATION}-output-files.xcfilelist",
			);
			runOnlyForDeploymentPostprocessing = 0;
			shellPath = /bin/sh;
			shellScript = "\"${PODS_ROOT}/Target Support Files/Pods-dz14/Pods-dz14-frameworks.sh\"\n";
			showEnvVarsInLog = 0;
		};
		A964BDFC885BB7B122C727F5 /* [CP] Check Pods Manifest.lock */ = {
			isa = PBXShellScriptBuildPhase;
			buildActionMask = 2147483647;
			files = (
			);
			inputFileListPaths = (
			);
			inputPaths = (
				"${PODS_PODFILE_DIR_PATH}/Podfile.lock",
				"${PODS_ROOT}/Manifest.lock",
			);
			name = "[CP] Check Pods Manifest.lock";
			outputFileListPaths = (
			);
			outputPaths = (
				"$(DERIVED_FILE_DIR)/Pods-dz14-checkManifestLockResult.txt",
			);
			runOnlyForDeploymentPostprocessing = 0;
			shellPath = /bin/sh;
			shellScript = "diff \"${PODS_PODFILE_DIR_PATH}/Podfile.lock\" \"${PODS_ROOT}/Manifest.lock\" > /dev/null\nif [ $? != 0 ] ; then\n    # print error to STDERR\n    echo \"error: The sandbox is not in sync with the Podfile.lock. Run 'pod install' or update your CocoaPods installation.\" >&2\n    exit 1\nfi\n# This output is used by Xcode 'outputs' to avoid re-running this script phase.\necho \"SUCCESS\" > \"${SCRIPT_OUTPUT_FILE_0}\"\n";
			showEnvVarsInLog = 0;
		};
/* End PBXShellScriptBuildPhase section */

/* Begin PBXSourcesBuildPhase section */
		26AD0D2524168F7B001F18E2 /* Sources */ = {
			isa = PBXSourcesBuildPhase;
			buildActionMask = 2147483647;
			files = (
				26AD0D3724168F7B001F18E2 /* dz14.xcdatamodeld in Sources */,
				2630ADA9270B8C5000701490 /* WeatherViewController.swift in Sources */,
				26AD0D462416953C001F18E2 /* RealmCell.swift in Sources */,
				2630ADA6270B899E00701490 /* WeatherCell.swift in Sources */,
				2630ADAF270B8D6600701490 /* WeatherDataСonversion.swift in Sources */,
				2630ADAC270B8D3300701490 /* WeatherLoader.swift in Sources */,
				2690879A271C3AED00C86F69 /* RealmAddTaskViewController.swift in Sources */,
				26AD0D3124168F7B001F18E2 /* ViewController.swift in Sources */,
				266A177328281558007C3C99 /* CoreDataCell.swift in Sources */,
				266A17682827F860007C3C99 /* CoreDataController.swift in Sources */,
				26AD0D2D24168F7B001F18E2 /* AppDelegate.swift in Sources */,
				26EA122F294B9EEE009E3DEE /* CoreDataAddTaskViewController.swift in Sources */,
				26AD0D4424169479001F18E2 /* Persistance.swift in Sources */,
				26AD0D4824169A33001F18E2 /* RealmController.swift in Sources */,
				26AD0D2F24168F7B001F18E2 /* SceneDelegate.swift in Sources */,
			);
			runOnlyForDeploymentPostprocessing = 0;
		};
/* End PBXSourcesBuildPhase section */

/* Begin PBXVariantGroup section */
		26AD0D3224168F7B001F18E2 /* Main.storyboard */ = {
			isa = PBXVariantGroup;
			children = (
				26AD0D3324168F7B001F18E2 /* Base */,
			);
			name = Main.storyboard;
			sourceTree = "<group>";
		};
		26AD0D3A24168F7B001F18E2 /* LaunchScreen.storyboard */ = {
			isa = PBXVariantGroup;
			children = (
				26AD0D3B24168F7B001F18E2 /* Base */,
			);
			name = LaunchScreen.storyboard;
			sourceTree = "<group>";
		};
/* End PBXVariantGroup section */

/* Begin XCBuildConfiguration section */
		26AD0D3E24168F7B001F18E2 /* Debug */ = {
			isa = XCBuildConfiguration;
			buildSettings = {
				ALWAYS_SEARCH_USER_PATHS = NO;
				CLANG_ANALYZER_NONNULL = YES;
				CLANG_ANALYZER_NUMBER_OBJECT_CONVERSION = YES_AGGRESSIVE;
				CLANG_CXX_LANGUAGE_STANDARD = "gnu++14";
				CLANG_CXX_LIBRARY = "libc++";
				CLANG_ENABLE_MODULES = YES;
				CLANG_ENABLE_OBJC_ARC = YES;
				CLANG_ENABLE_OBJC_WEAK = YES;
				CLANG_WARN_BLOCK_CAPTURE_AUTORELEASING = YES;
				CLANG_WARN_BOOL_CONVERSION = YES;
				CLANG_WARN_COMMA = YES;
				CLANG_WARN_CONSTANT_CONVERSION = YES;
				CLANG_WARN_DEPRECATED_OBJC_IMPLEMENTATIONS = YES;
				CLANG_WARN_DIRECT_OBJC_ISA_USAGE = YES_ERROR;
				CLANG_WARN_DOCUMENTATION_COMMENTS = YES;
				CLANG_WARN_EMPTY_BODY = YES;
				CLANG_WARN_ENUM_CONVERSION = YES;
				CLANG_WARN_INFINITE_RECURSION = YES;
				CLANG_WARN_INT_CONVERSION = YES;
				CLANG_WARN_NON_LITERAL_NULL_CONVERSION = YES;
				CLANG_WARN_OBJC_IMPLICIT_RETAIN_SELF = YES;
				CLANG_WARN_OBJC_LITERAL_CONVERSION = YES;
				CLANG_WARN_OBJC_ROOT_CLASS = YES_ERROR;
				CLANG_WARN_RANGE_LOOP_ANALYSIS = YES;
				CLANG_WARN_STRICT_PROTOTYPES = YES;
				CLANG_WARN_SUSPICIOUS_MOVE = YES;
				CLANG_WARN_UNGUARDED_AVAILABILITY = YES_AGGRESSIVE;
				CLANG_WARN_UNREACHABLE_CODE = YES;
				CLANG_WARN__DUPLICATE_METHOD_MATCH = YES;
				COPY_PHASE_STRIP = NO;
				DEBUG_INFORMATION_FORMAT = dwarf;
				ENABLE_STRICT_OBJC_MSGSEND = YES;
				ENABLE_TESTABILITY = YES;
				GCC_C_LANGUAGE_STANDARD = gnu11;
				GCC_DYNAMIC_NO_PIC = NO;
				GCC_NO_COMMON_BLOCKS = YES;
				GCC_OPTIMIZATION_LEVEL = 0;
				GCC_PREPROCESSOR_DEFINITIONS = (
					"DEBUG=1",
					"$(inherited)",
				);
				GCC_WARN_64_TO_32_BIT_CONVERSION = YES;
				GCC_WARN_ABOUT_RETURN_TYPE = YES_ERROR;
				GCC_WARN_UNDECLARED_SELECTOR = YES;
				GCC_WARN_UNINITIALIZED_AUTOS = YES_AGGRESSIVE;
				GCC_WARN_UNUSED_FUNCTION = YES;
				GCC_WARN_UNUSED_VARIABLE = YES;
				IPHONEOS_DEPLOYMENT_TARGET = 13.2;
				MTL_ENABLE_DEBUG_INFO = INCLUDE_SOURCE;
				MTL_FAST_MATH = YES;
				ONLY_ACTIVE_ARCH = YES;
				SDKROOT = iphoneos;
				SWIFT_ACTIVE_COMPILATION_CONDITIONS = DEBUG;
				SWIFT_OPTIMIZATION_LEVEL = "-Onone";
			};
			name = Debug;
		};
		26AD0D3F24168F7B001F18E2 /* Release */ = {
			isa = XCBuildConfiguration;
			buildSettings = {
				ALWAYS_SEARCH_USER_PATHS = NO;
				CLANG_ANALYZER_NONNULL = YES;
				CLANG_ANALYZER_NUMBER_OBJECT_CONVERSION = YES_AGGRESSIVE;
				CLANG_CXX_LANGUAGE_STANDARD = "gnu++14";
				CLANG_CXX_LIBRARY = "libc++";
				CLANG_ENABLE_MODULES = YES;
				CLANG_ENABLE_OBJC_ARC = YES;
				CLANG_ENABLE_OBJC_WEAK = YES;
				CLANG_WARN_BLOCK_CAPTURE_AUTORELEASING = YES;
				CLANG_WARN_BOOL_CONVERSION = YES;
				CLANG_WARN_COMMA = YES;
				CLANG_WARN_CONSTANT_CONVERSION = YES;
				CLANG_WARN_DEPRECATED_OBJC_IMPLEMENTATIONS = YES;
				CLANG_WARN_DIRECT_OBJC_ISA_USAGE = YES_ERROR;
				CLANG_WARN_DOCUMENTATION_COMMENTS = YES;
				CLANG_WARN_EMPTY_BODY = YES;
				CLANG_WARN_ENUM_CONVERSION = YES;
				CLANG_WARN_INFINITE_RECURSION = YES;
				CLANG_WARN_INT_CONVERSION = YES;
				CLANG_WARN_NON_LITERAL_NULL_CONVERSION = YES;
				CLANG_WARN_OBJC_IMPLICIT_RETAIN_SELF = YES;
				CLANG_WARN_OBJC_LITERAL_CONVERSION = YES;
				CLANG_WARN_OBJC_ROOT_CLASS = YES_ERROR;
				CLANG_WARN_RANGE_LOOP_ANALYSIS = YES;
				CLANG_WARN_STRICT_PROTOTYPES = YES;
				CLANG_WARN_SUSPICIOUS_MOVE = YES;
				CLANG_WARN_UNGUARDED_AVAILABILITY = YES_AGGRESSIVE;
				CLANG_WARN_UNREACHABLE_CODE = YES;
				CLANG_WARN__DUPLICATE_METHOD_MATCH = YES;
				COPY_PHASE_STRIP = NO;
				DEBUG_INFORMATION_FORMAT = "dwarf-with-dsym";
				ENABLE_NS_ASSERTIONS = NO;
				ENABLE_STRICT_OBJC_MSGSEND = YES;
				GCC_C_LANGUAGE_STANDARD = gnu11;
				GCC_NO_COMMON_BLOCKS = YES;
				GCC_WARN_64_TO_32_BIT_CONVERSION = YES;
				GCC_WARN_ABOUT_RETURN_TYPE = YES_ERROR;
				GCC_WARN_UNDECLARED_SELECTOR = YES;
				GCC_WARN_UNINITIALIZED_AUTOS = YES_AGGRESSIVE;
				GCC_WARN_UNUSED_FUNCTION = YES;
				GCC_WARN_UNUSED_VARIABLE = YES;
				IPHONEOS_DEPLOYMENT_TARGET = 13.2;
				MTL_ENABLE_DEBUG_INFO = NO;
				MTL_FAST_MATH = YES;
				SDKROOT = iphoneos;
				SWIFT_COMPILATION_MODE = wholemodule;
				SWIFT_OPTIMIZATION_LEVEL = "-O";
				VALIDATE_PRODUCT = YES;
			};
			name = Release;
		};
		26AD0D4124168F7B001F18E2 /* Debug */ = {
			isa = XCBuildConfiguration;
			baseConfigurationReference = FE25AB9AE6ABAF5BB9ACD39D /* Pods-dz14.debug.xcconfig */;
			buildSettings = {
				ASSETCATALOG_COMPILER_APPICON_NAME = AppIcon;
				CODE_SIGN_STYLE = Automatic;
				DEVELOPMENT_TEAM = 5Q6NXGK7C7;
				INFOPLIST_FILE = dz14/Info.plist;
				LD_RUNPATH_SEARCH_PATHS = (
					"$(inherited)",
					"@executable_path/Frameworks",
				);
				PRODUCT_BUNDLE_IDENTIFIER = DmitroCorp.dz14;
				PRODUCT_NAME = "$(TARGET_NAME)";
				SWIFT_VERSION = 5.0;
				TARGETED_DEVICE_FAMILY = "1,2";
			};
			name = Debug;
		};
		26AD0D4224168F7B001F18E2 /* Release */ = {
			isa = XCBuildConfiguration;
			baseConfigurationReference = A172A95E39375F03D4E9C18A /* Pods-dz14.release.xcconfig */;
			buildSettings = {
				ASSETCATALOG_COMPILER_APPICON_NAME = AppIcon;
				CODE_SIGN_STYLE = Automatic;
				DEVELOPMENT_TEAM = 5Q6NXGK7C7;
				INFOPLIST_FILE = dz14/Info.plist;
				LD_RUNPATH_SEARCH_PATHS = (
					"$(inherited)",
					"@executable_path/Frameworks",
				);
				PRODUCT_BUNDLE_IDENTIFIER = DmitroCorp.dz14;
				PRODUCT_NAME = "$(TARGET_NAME)";
				SWIFT_VERSION = 5.0;
				TARGETED_DEVICE_FAMILY = "1,2";
			};
			name = Release;
		};
/* End XCBuildConfiguration section */

/* Begin XCConfigurationList section */
		26AD0D2424168F7B001F18E2 /* Build configuration list for PBXProject "dz14" */ = {
			isa = XCConfigurationList;
			buildConfigurations = (
				26AD0D3E24168F7B001F18E2 /* Debug */,
				26AD0D3F24168F7B001F18E2 /* Release */,
			);
			defaultConfigurationIsVisible = 0;
			defaultConfigurationName = Release;
		};
		26AD0D4024168F7B001F18E2 /* Build configuration list for PBXNativeTarget "dz14" */ = {
			isa = XCConfigurationList;
			buildConfigurations = (
				26AD0D4124168F7B001F18E2 /* Debug */,
				26AD0D4224168F7B001F18E2 /* Release */,
			);
			defaultConfigurationIsVisible = 0;
			defaultConfigurationName = Release;
		};
/* End XCConfigurationList section */

/* Begin XCVersionGroup section */
		26AD0D3524168F7B001F18E2 /* dz14.xcdatamodeld */ = {
			isa = XCVersionGroup;
			children = (
				2696B03F282827CD00DBC757 /* dz 14.2.xcdatamodel */,
				2696B03E282827AA00DBC757 /* dz 14.xcdatamodel */,
				266A17482827E6B2007C3C99 /* dz 14.1.xcdatamodel */,
				26AD0D3624168F7B001F18E2 /* dz14.xcdatamodel */,
			);
			currentVersion = 26AD0D3624168F7B001F18E2 /* dz14.xcdatamodel */;
			path = dz14.xcdatamodeld;
			sourceTree = "<group>";
			versionGroupType = wrapper.xcdatamodel;
		};
/* End XCVersionGroup section */
	};
	rootObject = 26AD0D2124168F7B001F18E2 /* Project object */;
}
